
Microsoft Visual Studio Solution File, Format Version 12.00
# Visual Studio Version 17
VisualStudioVersion = 17.3.32922.545
MinimumVisualStudioVersion = 10.0.40219.1
Project("{FAE04EC0-301F-11D3-BF4B-00C04F79EFBC}") = "ChildrensCreativity", "ChildrensCreativity\ChildrensCreativity.csproj", "{C6B9005A-6C03-41BA-A34D-71F64FE9199D}"
EndProject
Global
	GlobalSection(SolutionConfigurationPlatforms) = preSolution
		Debug|Any CPU = Debug|Any CPU
		Release|Any CPU = Release|Any CPU
	EndGlobalSection
	GlobalSection(ProjectConfigurationPlatforms) = postSolution
		{C6B9005A-6C03-41BA-A34D-71F64FE9199D}.Debug|Any CPU.ActiveCfg = Debug|Any CPU
		{C6B9005A-6C03-41BA-A34D-71F64FE9199D}.Debug|Any CPU.Build.0 = Debug|Any CPU
		{C6B9005A-6C03-41BA-A34D-71F64FE9199D}.Release|Any CPU.ActiveCfg = Release|Any CPU
		{C6B9005A-6C03-41BA-A34D-71F64FE9199D}.Release|Any CPU.Build.0 = Release|Any CPU
	EndGlobalSection
	GlobalSection(SolutionProperties) = preSolution
		HideSolutionNode = FALSE
	EndGlobalSection
	GlobalSection(ExtensibilityGlobals) = postSolution
		SolutionGuid = {D7A5CF25-C188-406D-8907-4D481280E37E}
	EndGlobalSection
EndGlobal
